
Microsoft Visual Studio Solution File, Format Version 12.00
# Visual Studio Version 17
VisualStudioVersion = 17.14.36511.14 d17.14
MinimumVisualStudioVersion = 10.0.40219.1
Project("{FAE04EC0-301F-11D3-BF4B-00C04F79EFBC}") = "WebApplication", "WebApplication\WebApplication.csproj", "{82C3AB98-C4F4-418D-BE2D-DF80F8037EE2}"
EndProject
Project("{FAE04EC0-301F-11D3-BF4B-00C04F79EFBC}") = "WebApplication.DAL", "WebApplication.DAL\WebApplication.DAL.csproj", "{B23D5480-3FED-4EE4-8ED5-9D118EF065DA}"
EndProject
Global
	GlobalSection(SolutionConfigurationPlatforms) = preSolution
		Debug|Any CPU = Debug|Any CPU
		Release|Any CPU = Release|Any CPU
	EndGlobalSection
	GlobalSection(ProjectConfigurationPlatforms) = postSolution
		{82C3AB98-C4F4-418D-BE2D-DF80F8037EE2}.Debug|Any CPU.ActiveCfg = Debug|Any CPU
		{82C3AB98-C4F4-418D-BE2D-DF80F8037EE2}.Debug|Any CPU.Build.0 = Debug|Any CPU
		{82C3AB98-C4F4-418D-BE2D-DF80F8037EE2}.Release|Any CPU.ActiveCfg = Release|Any CPU
		{82C3AB98-C4F4-418D-BE2D-DF80F8037EE2}.Release|Any CPU.Build.0 = Release|Any CPU
		{B23D5480-3FED-4EE4-8ED5-9D118EF065DA}.Debug|Any CPU.ActiveCfg = Debug|Any CPU
		{B23D5480-3FED-4EE4-8ED5-9D118EF065DA}.Debug|Any CPU.Build.0 = Debug|Any CPU
		{B23D5480-3FED-4EE4-8ED5-9D118EF065DA}.Release|Any CPU.ActiveCfg = Release|Any CPU
		{B23D5480-3FED-4EE4-8ED5-9D118EF065DA}.Release|Any CPU.Build.0 = Release|Any CPU
	EndGlobalSection
	GlobalSection(SolutionProperties) = preSolution
		HideSolutionNode = FALSE
	EndGlobalSection
	GlobalSection(ExtensibilityGlobals) = postSolution
		SolutionGuid = {6F86E5B9-2D8E-47A7-97A6-CBDE35E93BFD}
	EndGlobalSection
EndGlobal
